
Microsoft Visual Studio Solution File, Format Version 12.00
# Visual Studio Version 17
VisualStudioVersion = 17.13.35931.197 d17.13
MinimumVisualStudioVersion = 10.0.40219.1
Project("{FAE04EC0-301F-11D3-BF4B-00C04F79EFBC}") = "MiniSmsGateway", "MiniSmsGateway\MiniSmsGateway.csproj", "{45E84010-4762-4D83-AD4E-02E83E9A34BB}"
EndProject
Global
	GlobalSection(SolutionConfigurationPlatforms) = preSolution
		Debug|Any CPU = Debug|Any CPU
		Release|Any CPU = Release|Any CPU
	EndGlobalSection
	GlobalSection(ProjectConfigurationPlatforms) = postSolution
		{45E84010-4762-4D83-AD4E-02E83E9A34BB}.Debug|Any CPU.ActiveCfg = Debug|Any CPU
		{45E84010-4762-4D83-AD4E-02E83E9A34BB}.Debug|Any CPU.Build.0 = Debug|Any CPU
		{45E84010-4762-4D83-AD4E-02E83E9A34BB}.Release|Any CPU.ActiveCfg = Release|Any CPU
		{45E84010-4762-4D83-AD4E-02E83E9A34BB}.Release|Any CPU.Build.0 = Release|Any CPU
	EndGlobalSection
	GlobalSection(SolutionProperties) = preSolution
		HideSolutionNode = FALSE
	EndGlobalSection
	GlobalSection(ExtensibilityGlobals) = postSolution
		SolutionGuid = {6BAA90DB-105B-4A5F-8BE0-A102E0588004}
	EndGlobalSection
EndGlobal
